
Microsoft Visual Studio Solution File, Format Version 12.00
# Visual Studio Version 16
VisualStudioVersion = 16.0.30503.244
MinimumVisualStudioVersion = 10.0.40219.1
Project("{9A19103F-16F7-4668-BE54-9A1E7A4F7556}") = "BDSMDiscordBot", "BDSMDiscordBot\BDSMDiscordBot.csproj", "{875AD248-A0EB-44CE-B602-35EABA8EEBFC}"
EndProject
Project("{9A19103F-16F7-4668-BE54-9A1E7A4F7556}") = "BDSMDiscordBot.Models", "BDSMDiscordBot.Models\BDSMDiscordBot.Models.csproj", "{685AA9C7-266A-415B-BB68-DF1004B0945B}"
EndProject
Project("{9A19103F-16F7-4668-BE54-9A1E7A4F7556}") = "BDSMDiscordBot.Tests", "BDSMDiscordBot.Tests\BDSMDiscordBot.Tests.csproj", "{D528E1A0-0E65-4891-995F-71DDA3091CA8}"
EndProject
Global
	GlobalSection(SolutionConfigurationPlatforms) = preSolution
		Debug|Any CPU = Debug|Any CPU
		Release|Any CPU = Release|Any CPU
	EndGlobalSection
	GlobalSection(ProjectConfigurationPlatforms) = postSolution
		{875AD248-A0EB-44CE-B602-35EABA8EEBFC}.Debug|Any CPU.ActiveCfg = Debug|Any CPU
		{875AD248-A0EB-44CE-B602-35EABA8EEBFC}.Debug|Any CPU.Build.0 = Debug|Any CPU
		{875AD248-A0EB-44CE-B602-35EABA8EEBFC}.Release|Any CPU.ActiveCfg = Release|Any CPU
		{875AD248-A0EB-44CE-B602-35EABA8EEBFC}.Release|Any CPU.Build.0 = Release|Any CPU
		{685AA9C7-266A-415B-BB68-DF1004B0945B}.Debug|Any CPU.ActiveCfg = Debug|Any CPU
		{685AA9C7-266A-415B-BB68-DF1004B0945B}.Debug|Any CPU.Build.0 = Debug|Any CPU
		{685AA9C7-266A-415B-BB68-DF1004B0945B}.Release|Any CPU.ActiveCfg = Release|Any CPU
		{685AA9C7-266A-415B-BB68-DF1004B0945B}.Release|Any CPU.Build.0 = Release|Any CPU
		{D528E1A0-0E65-4891-995F-71DDA3091CA8}.Debug|Any CPU.ActiveCfg = Debug|Any CPU
		{D528E1A0-0E65-4891-995F-71DDA3091CA8}.Debug|Any CPU.Build.0 = Debug|Any CPU
		{D528E1A0-0E65-4891-995F-71DDA3091CA8}.Release|Any CPU.ActiveCfg = Release|Any CPU
		{D528E1A0-0E65-4891-995F-71DDA3091CA8}.Release|Any CPU.Build.0 = Release|Any CPU
	EndGlobalSection
	GlobalSection(SolutionProperties) = preSolution
		HideSolutionNode = FALSE
	EndGlobalSection
	GlobalSection(ExtensibilityGlobals) = postSolution
		SolutionGuid = {84C022C5-1E8A-4B35-9401-AB1322948337}
	EndGlobalSection
EndGlobal
